
Microsoft Visual Studio Solution File, Format Version 12.00
# Visual Studio 2013
VisualStudioVersion = 12.0.21005.1
MinimumVisualStudioVersion = 10.0.40219.1
Project("{8BC9CEB8-8B4A-11D0-8D11-00A0C91BC942}") = "01 动态数组", "01 动态数组\01 动态数组.vcxproj", "{C854D46E-E42C-44EA-A320-3ECD194363FA}"
EndProject
Project("{8BC9CEB8-8B4A-11D0-8D11-00A0C91BC942}") = "02 单向链表", "02 单向链表\02 单向链表.vcxproj", "{506AB238-1E7D-4AB6-BC2A-4D700E1D841C}"
EndProject
Project("{8BC9CEB8-8B4A-11D0-8D11-00A0C91BC942}") = "03 企业链表", "03 企业链表\03 企业链表.vcxproj", "{BFB7BDF9-D66C-4A09-9EEA-B2E8333C1AB4}"
EndProject
Global
	GlobalSection(SolutionConfigurationPlatforms) = preSolution
		Debug|Win32 = Debug|Win32
		Release|Win32 = Release|Win32
	EndGlobalSection
	GlobalSection(ProjectConfigurationPlatforms) = postSolution
		{C854D46E-E42C-44EA-A320-3ECD194363FA}.Debug|Win32.ActiveCfg = Debug|Win32
		{C854D46E-E42C-44EA-A320-3ECD194363FA}.Debug|Win32.Build.0 = Debug|Win32
		{C854D46E-E42C-44EA-A320-3ECD194363FA}.Release|Win32.ActiveCfg = Release|Win32
		{C854D46E-E42C-44EA-A320-3ECD194363FA}.Release|Win32.Build.0 = Release|Win32
		{506AB238-1E7D-4AB6-BC2A-4D700E1D841C}.Debug|Win32.ActiveCfg = Debug|Win32
		{506AB238-1E7D-4AB6-BC2A-4D700E1D841C}.Debug|Win32.Build.0 = Debug|Win32
		{506AB238-1E7D-4AB6-BC2A-4D700E1D841C}.Release|Win32.ActiveCfg = Release|Win32
		{506AB238-1E7D-4AB6-BC2A-4D700E1D841C}.Release|Win32.Build.0 = Release|Win32
		{BFB7BDF9-D66C-4A09-9EEA-B2E8333C1AB4}.Debug|Win32.ActiveCfg = Debug|Win32
		{BFB7BDF9-D66C-4A09-9EEA-B2E8333C1AB4}.Debug|Win32.Build.0 = Debug|Win32
		{BFB7BDF9-D66C-4A09-9EEA-B2E8333C1AB4}.Release|Win32.ActiveCfg = Release|Win32
		{BFB7BDF9-D66C-4A09-9EEA-B2E8333C1AB4}.Release|Win32.Build.0 = Release|Win32
	EndGlobalSection
	GlobalSection(SolutionProperties) = preSolution
		HideSolutionNode = FALSE
	EndGlobalSection
EndGlobal
