
Microsoft Visual Studio Solution File, Format Version 12.00
# Visual Studio 2013
VisualStudioVersion = 12.0.21005.1
MinimumVisualStudioVersion = 10.0.40219.1
Project("{8BC9CEB8-8B4A-11D0-8D11-00A0C91BC942}") = "01 强化训练-数组类的封装", "01 强化训练-数组类的封装\01 强化训练-数组类的封装.vcxproj", "{868E21F6-81C7-4479-BF36-DA086567A1F5}"
EndProject
Project("{8BC9CEB8-8B4A-11D0-8D11-00A0C91BC942}") = "02 加号运算符重载", "02 加号运算符重载\02 加号运算符重载.vcxproj", "{3CB8CE18-3A5D-486A-8FBF-D2CE9A92E36C}"
EndProject
Project("{8BC9CEB8-8B4A-11D0-8D11-00A0C91BC942}") = "03 左移运算符重载", "03 左移运算符重载\03 左移运算符重载.vcxproj", "{E186650A-8765-4BD8-98AF-568236CA1375}"
EndProject
Project("{8BC9CEB8-8B4A-11D0-8D11-00A0C91BC942}") = "04 前置后置的递增递减运算符重载", "04 前置后置的递增递减运算符重载\04 前置后置的递增递减运算符重载.vcxproj", "{BDA81F5A-3DB4-4F4C-A46D-40B410F52A17}"
EndProject
Project("{8BC9CEB8-8B4A-11D0-8D11-00A0C91BC942}") = "05 指针运算符重载", "05 指针运算符重载\05 指针运算符重载.vcxproj", "{50B2283B-0381-4FA9-A010-892929DD7506}"
EndProject
Project("{8BC9CEB8-8B4A-11D0-8D11-00A0C91BC942}") = "06 赋值运算符重载", "06 赋值运算符重载\06 赋值运算符重载.vcxproj", "{2F0B449B-20FE-44E9-9383-128A48F43326}"
EndProject
Global
	GlobalSection(SolutionConfigurationPlatforms) = preSolution
		Debug|Win32 = Debug|Win32
		Release|Win32 = Release|Win32
	EndGlobalSection
	GlobalSection(ProjectConfigurationPlatforms) = postSolution
		{868E21F6-81C7-4479-BF36-DA086567A1F5}.Debug|Win32.ActiveCfg = Debug|Win32
		{868E21F6-81C7-4479-BF36-DA086567A1F5}.Debug|Win32.Build.0 = Debug|Win32
		{868E21F6-81C7-4479-BF36-DA086567A1F5}.Release|Win32.ActiveCfg = Release|Win32
		{868E21F6-81C7-4479-BF36-DA086567A1F5}.Release|Win32.Build.0 = Release|Win32
		{3CB8CE18-3A5D-486A-8FBF-D2CE9A92E36C}.Debug|Win32.ActiveCfg = Debug|Win32
		{3CB8CE18-3A5D-486A-8FBF-D2CE9A92E36C}.Debug|Win32.Build.0 = Debug|Win32
		{3CB8CE18-3A5D-486A-8FBF-D2CE9A92E36C}.Release|Win32.ActiveCfg = Release|Win32
		{3CB8CE18-3A5D-486A-8FBF-D2CE9A92E36C}.Release|Win32.Build.0 = Release|Win32
		{E186650A-8765-4BD8-98AF-568236CA1375}.Debug|Win32.ActiveCfg = Debug|Win32
		{E186650A-8765-4BD8-98AF-568236CA1375}.Debug|Win32.Build.0 = Debug|Win32
		{E186650A-8765-4BD8-98AF-568236CA1375}.Release|Win32.ActiveCfg = Release|Win32
		{E186650A-8765-4BD8-98AF-568236CA1375}.Release|Win32.Build.0 = Release|Win32
		{BDA81F5A-3DB4-4F4C-A46D-40B410F52A17}.Debug|Win32.ActiveCfg = Debug|Win32
		{BDA81F5A-3DB4-4F4C-A46D-40B410F52A17}.Debug|Win32.Build.0 = Debug|Win32
		{BDA81F5A-3DB4-4F4C-A46D-40B410F52A17}.Release|Win32.ActiveCfg = Release|Win32
		{BDA81F5A-3DB4-4F4C-A46D-40B410F52A17}.Release|Win32.Build.0 = Release|Win32
		{50B2283B-0381-4FA9-A010-892929DD7506}.Debug|Win32.ActiveCfg = Debug|Win32
		{50B2283B-0381-4FA9-A010-892929DD7506}.Debug|Win32.Build.0 = Debug|Win32
		{50B2283B-0381-4FA9-A010-892929DD7506}.Release|Win32.ActiveCfg = Release|Win32
		{50B2283B-0381-4FA9-A010-892929DD7506}.Release|Win32.Build.0 = Release|Win32
		{2F0B449B-20FE-44E9-9383-128A48F43326}.Debug|Win32.ActiveCfg = Debug|Win32
		{2F0B449B-20FE-44E9-9383-128A48F43326}.Debug|Win32.Build.0 = Debug|Win32
		{2F0B449B-20FE-44E9-9383-128A48F43326}.Release|Win32.ActiveCfg = Release|Win32
		{2F0B449B-20FE-44E9-9383-128A48F43326}.Release|Win32.Build.0 = Release|Win32
	EndGlobalSection
	GlobalSection(SolutionProperties) = preSolution
		HideSolutionNode = FALSE
	EndGlobalSection
EndGlobal
