
Microsoft Visual Studio Solution File, Format Version 12.00
# Visual Studio 2013
VisualStudioVersion = 12.0.21005.1
MinimumVisualStudioVersion = 10.0.40219.1
Project("{8BC9CEB8-8B4A-11D0-8D11-00A0C91BC942}") = "01 快速排序", "01 快速排序\01 快速排序.vcxproj", "{73A4E77A-08CA-46A4-8C30-51CB01D5B9DD}"
EndProject
Project("{8BC9CEB8-8B4A-11D0-8D11-00A0C91BC942}") = "02 归并排序", "02 归并排序\02 归并排序.vcxproj", "{9E530AFE-5499-44F2-8BC5-C9CAB7C66706}"
EndProject
Project("{8BC9CEB8-8B4A-11D0-8D11-00A0C91BC942}") = "03 堆排序", "03 堆排序\03 堆排序.vcxproj", "{9D603768-BC2A-4D31-9238-7BEAE216EB72}"
EndProject
Global
	GlobalSection(SolutionConfigurationPlatforms) = preSolution
		Debug|Win32 = Debug|Win32
		Release|Win32 = Release|Win32
	EndGlobalSection
	GlobalSection(ProjectConfigurationPlatforms) = postSolution
		{73A4E77A-08CA-46A4-8C30-51CB01D5B9DD}.Debug|Win32.ActiveCfg = Debug|Win32
		{73A4E77A-08CA-46A4-8C30-51CB01D5B9DD}.Debug|Win32.Build.0 = Debug|Win32
		{73A4E77A-08CA-46A4-8C30-51CB01D5B9DD}.Release|Win32.ActiveCfg = Release|Win32
		{73A4E77A-08CA-46A4-8C30-51CB01D5B9DD}.Release|Win32.Build.0 = Release|Win32
		{9E530AFE-5499-44F2-8BC5-C9CAB7C66706}.Debug|Win32.ActiveCfg = Debug|Win32
		{9E530AFE-5499-44F2-8BC5-C9CAB7C66706}.Debug|Win32.Build.0 = Debug|Win32
		{9E530AFE-5499-44F2-8BC5-C9CAB7C66706}.Release|Win32.ActiveCfg = Release|Win32
		{9E530AFE-5499-44F2-8BC5-C9CAB7C66706}.Release|Win32.Build.0 = Release|Win32
		{9D603768-BC2A-4D31-9238-7BEAE216EB72}.Debug|Win32.ActiveCfg = Debug|Win32
		{9D603768-BC2A-4D31-9238-7BEAE216EB72}.Debug|Win32.Build.0 = Debug|Win32
		{9D603768-BC2A-4D31-9238-7BEAE216EB72}.Release|Win32.ActiveCfg = Release|Win32
		{9D603768-BC2A-4D31-9238-7BEAE216EB72}.Release|Win32.Build.0 = Release|Win32
	EndGlobalSection
	GlobalSection(SolutionProperties) = preSolution
		HideSolutionNode = FALSE
	EndGlobalSection
EndGlobal
