
Microsoft Visual Studio Solution File, Format Version 12.00
# Visual Studio 2013
VisualStudioVersion = 12.0.21005.1
MinimumVisualStudioVersion = 10.0.40219.1
Project("{8BC9CEB8-8B4A-11D0-8D11-00A0C91BC942}") = "01 面向对象设计原则-依赖倒转原则", "01 面向对象设计原则-依赖倒转原则\01 面向对象设计原则-依赖倒转原则.vcxproj", "{D13250D7-7A78-4D5E-B53C-0F5BA49B7B75}"
EndProject
Project("{8BC9CEB8-8B4A-11D0-8D11-00A0C91BC942}") = "02 简单工厂模式", "02 简单工厂模式\02 简单工厂模式.vcxproj", "{4463CC0F-591A-4549-B459-8820DEB92BA6}"
EndProject
Project("{8BC9CEB8-8B4A-11D0-8D11-00A0C91BC942}") = "03 工厂方法模式", "02 工厂方法模式\02 工厂方法模式.vcxproj", "{4179F13E-D5B6-4B77-B04A-542E9419E2DB}"
EndProject
Project("{8BC9CEB8-8B4A-11D0-8D11-00A0C91BC942}") = "04 抽象工厂模式", "04 抽象工厂模式\04 抽象工厂模式.vcxproj", "{EBE6CF54-051C-44F0-8B93-BF6170B34C51}"
EndProject
Project("{8BC9CEB8-8B4A-11D0-8D11-00A0C91BC942}") = "05 单例模式", "05 单例模式\05 单例模式.vcxproj", "{7B405805-6178-4E0E-B176-034BD1C0B273}"
EndProject
Project("{8BC9CEB8-8B4A-11D0-8D11-00A0C91BC942}") = "06 单例模式_打印机案例", "06 单例模式_打印机案例\06 单例模式_打印机案例.vcxproj", "{3FD2A14D-AE8C-4ACA-9222-5931385FB248}"
EndProject
Project("{8BC9CEB8-8B4A-11D0-8D11-00A0C91BC942}") = "07 代理模式", "07 代理模式\07 代理模式.vcxproj", "{C040DAB4-AD18-4146-AF90-03426E6FEE77}"
EndProject
Project("{8BC9CEB8-8B4A-11D0-8D11-00A0C91BC942}") = "08 代理模式附加案例_金莲官人", "08 代理模式附加案例_金莲官人\08 代理模式附加案例_金莲官人.vcxproj", "{9FF07D7A-3273-4E02-8335-DCB3E5D9AF57}"
EndProject
Project("{8BC9CEB8-8B4A-11D0-8D11-00A0C91BC942}") = "09 装饰模式", "09 装饰模式\09 装饰模式.vcxproj", "{91AA3665-6D5D-44EE-8706-8498E8DAAE74}"
EndProject
Project("{8BC9CEB8-8B4A-11D0-8D11-00A0C91BC942}") = "test", "test\test.vcxproj", "{C438CD62-7030-4C7D-98BE-9508C538546A}"
EndProject
Global
	GlobalSection(SolutionConfigurationPlatforms) = preSolution
		Debug|Win32 = Debug|Win32
		Release|Win32 = Release|Win32
	EndGlobalSection
	GlobalSection(ProjectConfigurationPlatforms) = postSolution
		{D13250D7-7A78-4D5E-B53C-0F5BA49B7B75}.Debug|Win32.ActiveCfg = Debug|Win32
		{D13250D7-7A78-4D5E-B53C-0F5BA49B7B75}.Debug|Win32.Build.0 = Debug|Win32
		{D13250D7-7A78-4D5E-B53C-0F5BA49B7B75}.Release|Win32.ActiveCfg = Release|Win32
		{D13250D7-7A78-4D5E-B53C-0F5BA49B7B75}.Release|Win32.Build.0 = Release|Win32
		{4463CC0F-591A-4549-B459-8820DEB92BA6}.Debug|Win32.ActiveCfg = Debug|Win32
		{4463CC0F-591A-4549-B459-8820DEB92BA6}.Debug|Win32.Build.0 = Debug|Win32
		{4463CC0F-591A-4549-B459-8820DEB92BA6}.Release|Win32.ActiveCfg = Release|Win32
		{4463CC0F-591A-4549-B459-8820DEB92BA6}.Release|Win32.Build.0 = Release|Win32
		{4179F13E-D5B6-4B77-B04A-542E9419E2DB}.Debug|Win32.ActiveCfg = Debug|Win32
		{4179F13E-D5B6-4B77-B04A-542E9419E2DB}.Debug|Win32.Build.0 = Debug|Win32
		{4179F13E-D5B6-4B77-B04A-542E9419E2DB}.Release|Win32.ActiveCfg = Release|Win32
		{4179F13E-D5B6-4B77-B04A-542E9419E2DB}.Release|Win32.Build.0 = Release|Win32
		{EBE6CF54-051C-44F0-8B93-BF6170B34C51}.Debug|Win32.ActiveCfg = Debug|Win32
		{EBE6CF54-051C-44F0-8B93-BF6170B34C51}.Debug|Win32.Build.0 = Debug|Win32
		{EBE6CF54-051C-44F0-8B93-BF6170B34C51}.Release|Win32.ActiveCfg = Release|Win32
		{EBE6CF54-051C-44F0-8B93-BF6170B34C51}.Release|Win32.Build.0 = Release|Win32
		{7B405805-6178-4E0E-B176-034BD1C0B273}.Debug|Win32.ActiveCfg = Debug|Win32
		{7B405805-6178-4E0E-B176-034BD1C0B273}.Debug|Win32.Build.0 = Debug|Win32
		{7B405805-6178-4E0E-B176-034BD1C0B273}.Release|Win32.ActiveCfg = Release|Win32
		{7B405805-6178-4E0E-B176-034BD1C0B273}.Release|Win32.Build.0 = Release|Win32
		{3FD2A14D-AE8C-4ACA-9222-5931385FB248}.Debug|Win32.ActiveCfg = Debug|Win32
		{3FD2A14D-AE8C-4ACA-9222-5931385FB248}.Debug|Win32.Build.0 = Debug|Win32
		{3FD2A14D-AE8C-4ACA-9222-5931385FB248}.Release|Win32.ActiveCfg = Release|Win32
		{3FD2A14D-AE8C-4ACA-9222-5931385FB248}.Release|Win32.Build.0 = Release|Win32
		{C040DAB4-AD18-4146-AF90-03426E6FEE77}.Debug|Win32.ActiveCfg = Debug|Win32
		{C040DAB4-AD18-4146-AF90-03426E6FEE77}.Debug|Win32.Build.0 = Debug|Win32
		{C040DAB4-AD18-4146-AF90-03426E6FEE77}.Release|Win32.ActiveCfg = Release|Win32
		{C040DAB4-AD18-4146-AF90-03426E6FEE77}.Release|Win32.Build.0 = Release|Win32
		{9FF07D7A-3273-4E02-8335-DCB3E5D9AF57}.Debug|Win32.ActiveCfg = Debug|Win32
		{9FF07D7A-3273-4E02-8335-DCB3E5D9AF57}.Debug|Win32.Build.0 = Debug|Win32
		{9FF07D7A-3273-4E02-8335-DCB3E5D9AF57}.Release|Win32.ActiveCfg = Release|Win32
		{9FF07D7A-3273-4E02-8335-DCB3E5D9AF57}.Release|Win32.Build.0 = Release|Win32
		{91AA3665-6D5D-44EE-8706-8498E8DAAE74}.Debug|Win32.ActiveCfg = Debug|Win32
		{91AA3665-6D5D-44EE-8706-8498E8DAAE74}.Debug|Win32.Build.0 = Debug|Win32
		{91AA3665-6D5D-44EE-8706-8498E8DAAE74}.Release|Win32.ActiveCfg = Release|Win32
		{91AA3665-6D5D-44EE-8706-8498E8DAAE74}.Release|Win32.Build.0 = Release|Win32
		{C438CD62-7030-4C7D-98BE-9508C538546A}.Debug|Win32.ActiveCfg = Debug|Win32
		{C438CD62-7030-4C7D-98BE-9508C538546A}.Debug|Win32.Build.0 = Debug|Win32
		{C438CD62-7030-4C7D-98BE-9508C538546A}.Release|Win32.ActiveCfg = Release|Win32
		{C438CD62-7030-4C7D-98BE-9508C538546A}.Release|Win32.Build.0 = Release|Win32
	EndGlobalSection
	GlobalSection(SolutionProperties) = preSolution
		HideSolutionNode = FALSE
	EndGlobalSection
EndGlobal
