
Microsoft Visual Studio Solution File, Format Version 12.00
# Visual Studio 2013
VisualStudioVersion = 12.0.21005.1
MinimumVisualStudioVersion = 10.0.40219.1
Project("{8BC9CEB8-8B4A-11D0-8D11-00A0C91BC942}") = "01 关系运算符重载", "01 关系运算符重载\01 关系运算符重载.vcxproj", "{5F352A76-1ED2-40B6-94C3-068CCA7B8F63}"
EndProject
Project("{8BC9CEB8-8B4A-11D0-8D11-00A0C91BC942}") = "02 函数调用运算符重载", "02 函数调用运算符重载\02 函数调用运算符重载.vcxproj", "{E056D51C-0491-4CE4-8C8F-2EF2053FC0E4}"
EndProject
Project("{8BC9CEB8-8B4A-11D0-8D11-00A0C91BC942}") = "03 强化训练-字符串类的封装", "03 强化训练-字符串类的封装\03 强化训练-字符串类的封装.vcxproj", "{31E6DA2B-7360-48A4-8C1C-94A17E54722D}"
EndProject
Project("{8BC9CEB8-8B4A-11D0-8D11-00A0C91BC942}") = "04 继承的引出", "04 继承的引出\04 继承的引出.vcxproj", "{C4A3086A-EE48-495F-BF15-A581AEBB9020}"
EndProject
Project("{8BC9CEB8-8B4A-11D0-8D11-00A0C91BC942}") = "05 继承方式", "05 继承方式\05 继承方式.vcxproj", "{E6801A48-6E94-4B62-AFBE-26C19F84B40F}"
EndProject
Project("{8BC9CEB8-8B4A-11D0-8D11-00A0C91BC942}") = "06 继承中的对象模型", "06 继承中的对象模型\06 继承中的对象模型.vcxproj", "{5D72B041-37D6-496B-BCEF-0323D08E2C78}"
EndProject
Project("{8BC9CEB8-8B4A-11D0-8D11-00A0C91BC942}") = "07 继承中的构造和析构函数", "07 继承中的构造和析构函数\07 继承中的构造和析构函数.vcxproj", "{44328AF9-D2BB-481C-8C3D-EF2D3D2ABCF9}"
EndProject
Project("{8BC9CEB8-8B4A-11D0-8D11-00A0C91BC942}") = "08 继承中的同名处理", "08 继承中的同名处理\08 继承中的同名处理.vcxproj", "{F2155C72-E153-4510-82FC-ECE9A1F2098E}"
EndProject
Project("{8BC9CEB8-8B4A-11D0-8D11-00A0C91BC942}") = "09 继承中静态成员的处理", "09 继承中静态成员的处理\09 继承中静态成员的处理.vcxproj", "{3603882A-6530-4F12-9656-0DF517B90591}"
EndProject
Project("{8BC9CEB8-8B4A-11D0-8D11-00A0C91BC942}") = "10 多继承的概念以及问题", "10 多继承的概念以及问题\10 多继承的概念以及问题.vcxproj", "{9DA0FF39-C317-44F2-BE42-EF29774ECC20}"
EndProject
Project("{8BC9CEB8-8B4A-11D0-8D11-00A0C91BC942}") = "11 菱形继承的概念以及问题", "11 菱形继承的概念以及问题\11 菱形继承的概念以及问题.vcxproj", "{164CF035-9CA0-4254-8FD0-5189306B70A8}"
EndProject
Global
	GlobalSection(SolutionConfigurationPlatforms) = preSolution
		Debug|Win32 = Debug|Win32
		Release|Win32 = Release|Win32
	EndGlobalSection
	GlobalSection(ProjectConfigurationPlatforms) = postSolution
		{5F352A76-1ED2-40B6-94C3-068CCA7B8F63}.Debug|Win32.ActiveCfg = Debug|Win32
		{5F352A76-1ED2-40B6-94C3-068CCA7B8F63}.Debug|Win32.Build.0 = Debug|Win32
		{5F352A76-1ED2-40B6-94C3-068CCA7B8F63}.Release|Win32.ActiveCfg = Release|Win32
		{5F352A76-1ED2-40B6-94C3-068CCA7B8F63}.Release|Win32.Build.0 = Release|Win32
		{E056D51C-0491-4CE4-8C8F-2EF2053FC0E4}.Debug|Win32.ActiveCfg = Debug|Win32
		{E056D51C-0491-4CE4-8C8F-2EF2053FC0E4}.Debug|Win32.Build.0 = Debug|Win32
		{E056D51C-0491-4CE4-8C8F-2EF2053FC0E4}.Release|Win32.ActiveCfg = Release|Win32
		{E056D51C-0491-4CE4-8C8F-2EF2053FC0E4}.Release|Win32.Build.0 = Release|Win32
		{31E6DA2B-7360-48A4-8C1C-94A17E54722D}.Debug|Win32.ActiveCfg = Debug|Win32
		{31E6DA2B-7360-48A4-8C1C-94A17E54722D}.Debug|Win32.Build.0 = Debug|Win32
		{31E6DA2B-7360-48A4-8C1C-94A17E54722D}.Release|Win32.ActiveCfg = Release|Win32
		{31E6DA2B-7360-48A4-8C1C-94A17E54722D}.Release|Win32.Build.0 = Release|Win32
		{C4A3086A-EE48-495F-BF15-A581AEBB9020}.Debug|Win32.ActiveCfg = Debug|Win32
		{C4A3086A-EE48-495F-BF15-A581AEBB9020}.Debug|Win32.Build.0 = Debug|Win32
		{C4A3086A-EE48-495F-BF15-A581AEBB9020}.Release|Win32.ActiveCfg = Release|Win32
		{C4A3086A-EE48-495F-BF15-A581AEBB9020}.Release|Win32.Build.0 = Release|Win32
		{E6801A48-6E94-4B62-AFBE-26C19F84B40F}.Debug|Win32.ActiveCfg = Debug|Win32
		{E6801A48-6E94-4B62-AFBE-26C19F84B40F}.Debug|Win32.Build.0 = Debug|Win32
		{E6801A48-6E94-4B62-AFBE-26C19F84B40F}.Release|Win32.ActiveCfg = Release|Win32
		{E6801A48-6E94-4B62-AFBE-26C19F84B40F}.Release|Win32.Build.0 = Release|Win32
		{5D72B041-37D6-496B-BCEF-0323D08E2C78}.Debug|Win32.ActiveCfg = Debug|Win32
		{5D72B041-37D6-496B-BCEF-0323D08E2C78}.Debug|Win32.Build.0 = Debug|Win32
		{5D72B041-37D6-496B-BCEF-0323D08E2C78}.Release|Win32.ActiveCfg = Release|Win32
		{5D72B041-37D6-496B-BCEF-0323D08E2C78}.Release|Win32.Build.0 = Release|Win32
		{44328AF9-D2BB-481C-8C3D-EF2D3D2ABCF9}.Debug|Win32.ActiveCfg = Debug|Win32
		{44328AF9-D2BB-481C-8C3D-EF2D3D2ABCF9}.Debug|Win32.Build.0 = Debug|Win32
		{44328AF9-D2BB-481C-8C3D-EF2D3D2ABCF9}.Release|Win32.ActiveCfg = Release|Win32
		{44328AF9-D2BB-481C-8C3D-EF2D3D2ABCF9}.Release|Win32.Build.0 = Release|Win32
		{F2155C72-E153-4510-82FC-ECE9A1F2098E}.Debug|Win32.ActiveCfg = Debug|Win32
		{F2155C72-E153-4510-82FC-ECE9A1F2098E}.Debug|Win32.Build.0 = Debug|Win32
		{F2155C72-E153-4510-82FC-ECE9A1F2098E}.Release|Win32.ActiveCfg = Release|Win32
		{F2155C72-E153-4510-82FC-ECE9A1F2098E}.Release|Win32.Build.0 = Release|Win32
		{3603882A-6530-4F12-9656-0DF517B90591}.Debug|Win32.ActiveCfg = Debug|Win32
		{3603882A-6530-4F12-9656-0DF517B90591}.Debug|Win32.Build.0 = Debug|Win32
		{3603882A-6530-4F12-9656-0DF517B90591}.Release|Win32.ActiveCfg = Release|Win32
		{3603882A-6530-4F12-9656-0DF517B90591}.Release|Win32.Build.0 = Release|Win32
		{9DA0FF39-C317-44F2-BE42-EF29774ECC20}.Debug|Win32.ActiveCfg = Debug|Win32
		{9DA0FF39-C317-44F2-BE42-EF29774ECC20}.Debug|Win32.Build.0 = Debug|Win32
		{9DA0FF39-C317-44F2-BE42-EF29774ECC20}.Release|Win32.ActiveCfg = Release|Win32
		{9DA0FF39-C317-44F2-BE42-EF29774ECC20}.Release|Win32.Build.0 = Release|Win32
		{164CF035-9CA0-4254-8FD0-5189306B70A8}.Debug|Win32.ActiveCfg = Debug|Win32
		{164CF035-9CA0-4254-8FD0-5189306B70A8}.Debug|Win32.Build.0 = Debug|Win32
		{164CF035-9CA0-4254-8FD0-5189306B70A8}.Release|Win32.ActiveCfg = Release|Win32
		{164CF035-9CA0-4254-8FD0-5189306B70A8}.Release|Win32.Build.0 = Release|Win32
	EndGlobalSection
	GlobalSection(SolutionProperties) = preSolution
		HideSolutionNode = FALSE
	EndGlobalSection
EndGlobal
